
Microsoft Visual Studio Solution File, Format Version 12.00
# Visual Studio Version 17
VisualStudioVersion = 17.5.33516.290
MinimumVisualStudioVersion = 10.0.40219.1
Project("{FAE04EC0-301F-11D3-BF4B-00C04F79EFBC}") = "MoveOrPass", "MoveOrPass.csproj", "{86F563EF-9FB5-48A5-9620-9C0A35C5D82B}"
EndProject
Global
	GlobalSection(SolutionConfigurationPlatforms) = preSolution
		Debug|Any CPU = Debug|Any CPU
		Release|Any CPU = Release|Any CPU
	EndGlobalSection
	GlobalSection(ProjectConfigurationPlatforms) = postSolution
		{86F563EF-9FB5-48A5-9620-9C0A35C5D82B}.Debug|Any CPU.ActiveCfg = Debug|Any CPU
		{86F563EF-9FB5-48A5-9620-9C0A35C5D82B}.Debug|Any CPU.Build.0 = Debug|Any CPU
		{86F563EF-9FB5-48A5-9620-9C0A35C5D82B}.Release|Any CPU.ActiveCfg = Release|Any CPU
		{86F563EF-9FB5-48A5-9620-9C0A35C5D82B}.Release|Any CPU.Build.0 = Release|Any CPU
	EndGlobalSection
	GlobalSection(SolutionProperties) = preSolution
		HideSolutionNode = FALSE
	EndGlobalSection
	GlobalSection(ExtensibilityGlobals) = postSolution
		SolutionGuid = {BA5EC91C-6FED-4608-8DA1-1541644623BF}
	EndGlobalSection
EndGlobal
